
Microsoft Visual Studio Solution File, Format Version 12.00
# Visual Studio Version 16
VisualStudioVersion = 16.0.29609.76
MinimumVisualStudioVersion = 10.0.40219.1
Project("{FAE04EC0-301F-11D3-BF4B-00C04F79EFBC}") = "EFThreeTier", "EFThreeTier\EFThreeTier.csproj", "{21232462-D13A-43AF-8915-11CCD88F2AA6}"
EndProject
Project("{FAE04EC0-301F-11D3-BF4B-00C04F79EFBC}") = "DAL", "DAL\DAL.csproj", "{5CB28E13-D87D-4290-A0D2-3E567AD5BCED}"
EndProject
Project("{FAE04EC0-301F-11D3-BF4B-00C04F79EFBC}") = "BLL", "BLL\BLL.csproj", "{7C6AF6EB-2AF4-4DFB-A51E-51B17D1BF82D}"
EndProject
Project("{FAE04EC0-301F-11D3-BF4B-00C04F79EFBC}") = "Models", "Models\Models.csproj", "{71B69475-FE0E-4FEC-A75E-1655192DFD60}"
EndProject
Project("{FAE04EC0-301F-11D3-BF4B-00C04F79EFBC}") = "Interfaces", "Repositories\Interfaces.csproj", "{2F907EDF-68FD-491A-9AEE-62A9AD990EDA}"
EndProject
Global
	GlobalSection(SolutionConfigurationPlatforms) = preSolution
		Debug|Any CPU = Debug|Any CPU
		Release|Any CPU = Release|Any CPU
	EndGlobalSection
	GlobalSection(ProjectConfigurationPlatforms) = postSolution
		{21232462-D13A-43AF-8915-11CCD88F2AA6}.Debug|Any CPU.ActiveCfg = Debug|Any CPU
		{21232462-D13A-43AF-8915-11CCD88F2AA6}.Debug|Any CPU.Build.0 = Debug|Any CPU
		{21232462-D13A-43AF-8915-11CCD88F2AA6}.Release|Any CPU.ActiveCfg = Release|Any CPU
		{21232462-D13A-43AF-8915-11CCD88F2AA6}.Release|Any CPU.Build.0 = Release|Any CPU
		{5CB28E13-D87D-4290-A0D2-3E567AD5BCED}.Debug|Any CPU.ActiveCfg = Debug|Any CPU
		{5CB28E13-D87D-4290-A0D2-3E567AD5BCED}.Debug|Any CPU.Build.0 = Debug|Any CPU
		{5CB28E13-D87D-4290-A0D2-3E567AD5BCED}.Release|Any CPU.ActiveCfg = Release|Any CPU
		{5CB28E13-D87D-4290-A0D2-3E567AD5BCED}.Release|Any CPU.Build.0 = Release|Any CPU
		{7C6AF6EB-2AF4-4DFB-A51E-51B17D1BF82D}.Debug|Any CPU.ActiveCfg = Debug|Any CPU
		{7C6AF6EB-2AF4-4DFB-A51E-51B17D1BF82D}.Debug|Any CPU.Build.0 = Debug|Any CPU
		{7C6AF6EB-2AF4-4DFB-A51E-51B17D1BF82D}.Release|Any CPU.ActiveCfg = Release|Any CPU
		{7C6AF6EB-2AF4-4DFB-A51E-51B17D1BF82D}.Release|Any CPU.Build.0 = Release|Any CPU
		{71B69475-FE0E-4FEC-A75E-1655192DFD60}.Debug|Any CPU.ActiveCfg = Debug|Any CPU
		{71B69475-FE0E-4FEC-A75E-1655192DFD60}.Debug|Any CPU.Build.0 = Debug|Any CPU
		{71B69475-FE0E-4FEC-A75E-1655192DFD60}.Release|Any CPU.ActiveCfg = Release|Any CPU
		{71B69475-FE0E-4FEC-A75E-1655192DFD60}.Release|Any CPU.Build.0 = Release|Any CPU
		{2F907EDF-68FD-491A-9AEE-62A9AD990EDA}.Debug|Any CPU.ActiveCfg = Debug|Any CPU
		{2F907EDF-68FD-491A-9AEE-62A9AD990EDA}.Debug|Any CPU.Build.0 = Debug|Any CPU
		{2F907EDF-68FD-491A-9AEE-62A9AD990EDA}.Release|Any CPU.ActiveCfg = Release|Any CPU
		{2F907EDF-68FD-491A-9AEE-62A9AD990EDA}.Release|Any CPU.Build.0 = Release|Any CPU
	EndGlobalSection
	GlobalSection(SolutionProperties) = preSolution
		HideSolutionNode = FALSE
	EndGlobalSection
	GlobalSection(ExtensibilityGlobals) = postSolution
		SolutionGuid = {C9EEBE96-0ECD-4A25-8E8B-0378EBBEB92D}
	EndGlobalSection
EndGlobal
